
Microsoft Visual Studio Solution File, Format Version 12.00
# Visual Studio Version 17
VisualStudioVersion = 17.7.34031.279
MinimumVisualStudioVersion = 10.0.40219.1
Project("{FAE04EC0-301F-11D3-BF4B-00C04F79EFBC}") = "ZapWeb", "ZapWeb\ZapWeb.csproj", "{1944211C-AAEE-41CE-8D5F-131E7D3B0ACA}"
EndProject
Global
	GlobalSection(SolutionConfigurationPlatforms) = preSolution
		Debug|Any CPU = Debug|Any CPU
		Release|Any CPU = Release|Any CPU
	EndGlobalSection
	GlobalSection(ProjectConfigurationPlatforms) = postSolution
		{1944211C-AAEE-41CE-8D5F-131E7D3B0ACA}.Debug|Any CPU.ActiveCfg = Debug|Any CPU
		{1944211C-AAEE-41CE-8D5F-131E7D3B0ACA}.Debug|Any CPU.Build.0 = Debug|Any CPU
		{1944211C-AAEE-41CE-8D5F-131E7D3B0ACA}.Release|Any CPU.ActiveCfg = Release|Any CPU
		{1944211C-AAEE-41CE-8D5F-131E7D3B0ACA}.Release|Any CPU.Build.0 = Release|Any CPU
	EndGlobalSection
	GlobalSection(SolutionProperties) = preSolution
		HideSolutionNode = FALSE
	EndGlobalSection
	GlobalSection(ExtensibilityGlobals) = postSolution
		SolutionGuid = {FCC5A128-9B6E-4F03-9CF8-DEB9658343BE}
	EndGlobalSection
EndGlobal
